
Microsoft Visual Studio Solution File, Format Version 12.00
# Visual Studio Version 17
VisualStudioVersion = 17.7.34302.85
MinimumVisualStudioVersion = 10.0.40219.1
Project("{FAE04EC0-301F-11D3-BF4B-00C04F79EFBC}") = "Portfolio", "Portfolio\Portfolio.csproj", "{985F9C60-7587-475F-9D0D-CBFF91C7FB16}"
EndProject
Global
	GlobalSection(SolutionConfigurationPlatforms) = preSolution
		Debug|Any CPU = Debug|Any CPU
		Release|Any CPU = Release|Any CPU
	EndGlobalSection
	GlobalSection(ProjectConfigurationPlatforms) = postSolution
		{985F9C60-7587-475F-9D0D-CBFF91C7FB16}.Debug|Any CPU.ActiveCfg = Debug|Any CPU
		{985F9C60-7587-475F-9D0D-CBFF91C7FB16}.Debug|Any CPU.Build.0 = Debug|Any CPU
		{985F9C60-7587-475F-9D0D-CBFF91C7FB16}.Release|Any CPU.ActiveCfg = Release|Any CPU
		{985F9C60-7587-475F-9D0D-CBFF91C7FB16}.Release|Any CPU.Build.0 = Release|Any CPU
	EndGlobalSection
	GlobalSection(SolutionProperties) = preSolution
		HideSolutionNode = FALSE
	EndGlobalSection
	GlobalSection(ExtensibilityGlobals) = postSolution
		SolutionGuid = {0EBFEF1E-54C4-40F3-BB49-38B5C6E2C9D3}
	EndGlobalSection
EndGlobal
